
Microsoft Visual Studio Solution File, Format Version 12.00
# Visual Studio 14
VisualStudioVersion = 14.0.25420.1
MinimumVisualStudioVersion = 10.0.40219.1
Project("{2150E333-8FDC-42A3-9474-1A3956D46DE8}") = "src", "src", "{7F90DEA9-0784-4833-9CC6-CE2351093584}"
EndProject
Project("{2150E333-8FDC-42A3-9474-1A3956D46DE8}") = "Solution Items", "Solution Items", "{D9146326-4FF5-4F83-8DA3-ACBCA4DAA1E5}"
	ProjectSection(SolutionItems) = preProject
		global.json = global.json
	EndProjectSection
EndProject
Project("{8BB2217D-0F2D-49D1-97BC-3654ED321F3B}") = "Loremware", "src\Loremware\Loremware.xproj", "{B65A4758-CFC3-45C9-BC49-0062209F203F}"
EndProject
Global
	GlobalSection(SolutionConfigurationPlatforms) = preSolution
		Debug|Any CPU = Debug|Any CPU
		Release|Any CPU = Release|Any CPU
	EndGlobalSection
	GlobalSection(ProjectConfigurationPlatforms) = postSolution
		{B65A4758-CFC3-45C9-BC49-0062209F203F}.Debug|Any CPU.ActiveCfg = Debug|Any CPU
		{B65A4758-CFC3-45C9-BC49-0062209F203F}.Debug|Any CPU.Build.0 = Debug|Any CPU
		{B65A4758-CFC3-45C9-BC49-0062209F203F}.Release|Any CPU.ActiveCfg = Release|Any CPU
		{B65A4758-CFC3-45C9-BC49-0062209F203F}.Release|Any CPU.Build.0 = Release|Any CPU
	EndGlobalSection
	GlobalSection(SolutionProperties) = preSolution
		HideSolutionNode = FALSE
	EndGlobalSection
	GlobalSection(NestedProjects) = preSolution
		{B65A4758-CFC3-45C9-BC49-0062209F203F} = {7F90DEA9-0784-4833-9CC6-CE2351093584}
	EndGlobalSection
EndGlobal
